
Microsoft Visual Studio Solution File, Format Version 12.00
# Visual Studio Version 17
VisualStudioVersion = 17.11.35208.52
MinimumVisualStudioVersion = 10.0.40219.1
Project("{9A19103F-16F7-4668-BE54-9A1E7A4F7556}") = "EmployeeAuthService", "EmployeeAuthService\EmployeeAuthService.csproj", "{16D6B7A8-F127-4CA4-8C62-64067B7E4B84}"
EndProject
Project("{FAE04EC0-301F-11D3-BF4B-00C04F79EFBC}") = "Frontend", "Frontend\Frontend.csproj", "{029EA229-DE16-4F7F-8352-B005FF273D82}"
EndProject
Global
	GlobalSection(SolutionConfigurationPlatforms) = preSolution
		Debug|Any CPU = Debug|Any CPU
		Release|Any CPU = Release|Any CPU
	EndGlobalSection
	GlobalSection(ProjectConfigurationPlatforms) = postSolution
		{16D6B7A8-F127-4CA4-8C62-64067B7E4B84}.Debug|Any CPU.ActiveCfg = Debug|Any CPU
		{16D6B7A8-F127-4CA4-8C62-64067B7E4B84}.Debug|Any CPU.Build.0 = Debug|Any CPU
		{16D6B7A8-F127-4CA4-8C62-64067B7E4B84}.Release|Any CPU.ActiveCfg = Release|Any CPU
		{16D6B7A8-F127-4CA4-8C62-64067B7E4B84}.Release|Any CPU.Build.0 = Release|Any CPU
		{029EA229-DE16-4F7F-8352-B005FF273D82}.Debug|Any CPU.ActiveCfg = Debug|Any CPU
		{029EA229-DE16-4F7F-8352-B005FF273D82}.Debug|Any CPU.Build.0 = Debug|Any CPU
		{029EA229-DE16-4F7F-8352-B005FF273D82}.Release|Any CPU.ActiveCfg = Release|Any CPU
		{029EA229-DE16-4F7F-8352-B005FF273D82}.Release|Any CPU.Build.0 = Release|Any CPU
	EndGlobalSection
	GlobalSection(SolutionProperties) = preSolution
		HideSolutionNode = FALSE
	EndGlobalSection
	GlobalSection(ExtensibilityGlobals) = postSolution
		SolutionGuid = {317CA4D0-87B6-4481-BED7-D4E6854F4D33}
	EndGlobalSection
EndGlobal
